#MicroXplorer Configuration settings - do not modify
Dma.Request0=USART1_RX
Dma.RequestsNb=1
Dma.USART1_RX.0.Direction=DMA_PERIPH_TO_MEMORY
Dma.USART1_RX.0.Instance=DMA1_Channel5
Dma.USART1_RX.0.MemDataAlignment=DMA_MDATAALIGN_BYTE
Dma.USART1_RX.0.MemInc=DMA_MINC_ENABLE
Dma.USART1_RX.0.Mode=DMA_NORMAL
Dma.USART1_RX.0.PeriphDataAlignment=DMA_PDATAALIGN_BYTE
Dma.USART1_RX.0.PeriphInc=DMA_PINC_DISABLE
Dma.USART1_RX.0.Priority=DMA_PRIORITY_LOW
Dma.USART1_RX.0.RequestParameters=Instance,Direction,PeriphInc,MemInc,PeriphDataAlignment,MemDataAlignment,Mode,Priority
FREERTOS.FootprintOK=true
FREERTOS.IPParameters=Tasks01,configUSE_TIMERS,FootprintOK,configTOTAL_HEAP_SIZE,configTIMER_TASK_PRIORITY,configCHECK_FOR_STACK_OVERFLOW
FREERTOS.Tasks01=defaultTask,0,128,StartDefaultTask,Default,NULL,Dynamic,NULL,NULL
FREERTOS.configCHECK_FOR_STACK_OVERFLOW=1
FREERTOS.configTIMER_TASK_PRIORITY=3
FREERTOS.configTOTAL_HEAP_SIZE=32768
FREERTOS.configUSE_TIMERS=1
File.Version=6
I2C1.I2C_Speed_Mode=I2C_Fast
I2C1.IPParameters=I2C_Speed_Mode,Timing
I2C1.Timing=0x00702991
I2C2.I2C_Speed_Mode=I2C_Fast
I2C2.IPParameters=I2C_Speed_Mode,Timing
I2C2.Timing=0x00702991
KeepUserPlacement=true
LCD.Bias=LCD_BIAS_1_3
LCD.Contrast=LCD_CONTRASTLEVEL_5
LCD.Divider=LCD_DIVIDER_24
LCD.HighDrive=LCD_HIGHDRIVE_ENABLE
LCD.IPParameters=Bias,HighDrive,Contrast,Prescaler,Divider
LCD.Prescaler=LCD_PRESCALER_4
Mcu.Family=STM32L4
Mcu.IP0=DMA
Mcu.IP1=FREERTOS
Mcu.IP10=TIM2
Mcu.IP11=TIM4
Mcu.IP12=TSC
Mcu.IP13=USART1
Mcu.IP14=USART2
Mcu.IP2=I2C1
Mcu.IP3=I2C2
Mcu.IP4=LCD
Mcu.IP5=NVIC
Mcu.IP6=RCC
Mcu.IP7=RTC
Mcu.IP8=SPI1
Mcu.IP9=SYS
Mcu.IPNb=15
Mcu.Name=STM32L476Z(E-G)Tx
Mcu.Package=LQFP144
Mcu.Pin0=PE2
Mcu.Pin1=PE3
Mcu.Pin10=PF2
Mcu.Pin100=PG15
Mcu.Pin101=PB3 (JTDO-TRACESWO)
Mcu.Pin102=PB4 (NJTRST)
Mcu.Pin103=PB5
Mcu.Pin104=PB6
Mcu.Pin105=PB7
Mcu.Pin106=PB8
Mcu.Pin107=PB9
Mcu.Pin108=PE0
Mcu.Pin109=PE1
Mcu.Pin11=PF3
Mcu.Pin110=VP_FREERTOS_VS_ENABLE
Mcu.Pin111=VP_RTC_VS_RTC_Activate
Mcu.Pin112=VP_RTC_VS_RTC_Calendar
Mcu.Pin113=VP_RTC_VS_RTC_Alarm_A_Intern
Mcu.Pin114=VP_SYS_VS_Systick
Mcu.Pin12=PF4
Mcu.Pin13=PF5
Mcu.Pin14=PF6
Mcu.Pin15=PF7
Mcu.Pin16=PF8
Mcu.Pin17=PF9
Mcu.Pin18=PF10
Mcu.Pin19=PH0-OSC_IN (PH0)
Mcu.Pin2=PE4
Mcu.Pin20=PH1-OSC_OUT (PH1)
Mcu.Pin21=PC0
Mcu.Pin22=PC1
Mcu.Pin23=PC2
Mcu.Pin24=PC3
Mcu.Pin25=PA0
Mcu.Pin26=PA1
Mcu.Pin27=PA2
Mcu.Pin28=PA3
Mcu.Pin29=PA4
Mcu.Pin3=PE5
Mcu.Pin30=PA5
Mcu.Pin31=PA6
Mcu.Pin32=PA7
Mcu.Pin33=PC4
Mcu.Pin34=PC5
Mcu.Pin35=PB0
Mcu.Pin36=PB1
Mcu.Pin37=PB2
Mcu.Pin38=PF11
Mcu.Pin39=PF12
Mcu.Pin4=PE6
Mcu.Pin40=PF13
Mcu.Pin41=PF14
Mcu.Pin42=PF15
Mcu.Pin43=PG0
Mcu.Pin44=PG1
Mcu.Pin45=PE7
Mcu.Pin46=PE8
Mcu.Pin47=PE9
Mcu.Pin48=PE10
Mcu.Pin49=PE11
Mcu.Pin5=PC13
Mcu.Pin50=PE12
Mcu.Pin51=PE13
Mcu.Pin52=PE14
Mcu.Pin53=PE15
Mcu.Pin54=PB11
Mcu.Pin55=PB12
Mcu.Pin56=PB13
Mcu.Pin57=PB14
Mcu.Pin58=PB15
Mcu.Pin59=PD8
Mcu.Pin6=PC14-OSC32_IN (PC14)
Mcu.Pin60=PD9
Mcu.Pin61=PD10
Mcu.Pin62=PD11
Mcu.Pin63=PD12
Mcu.Pin64=PD13
Mcu.Pin65=PD14
Mcu.Pin66=PD15
Mcu.Pin67=PG2
Mcu.Pin68=PG3
Mcu.Pin69=PG4
Mcu.Pin7=PC15-OSC32_OUT (PC15)
Mcu.Pin70=PG5
Mcu.Pin71=PG6
Mcu.Pin72=PG7
Mcu.Pin73=PG8
Mcu.Pin74=PC6
Mcu.Pin75=PC7
Mcu.Pin76=PC8
Mcu.Pin77=PA8
Mcu.Pin78=PA9
Mcu.Pin79=PA10
Mcu.Pin8=PF0
Mcu.Pin80=PA13 (JTMS-SWDIO)
Mcu.Pin81=PA14 (JTCK-SWCLK)
Mcu.Pin82=PA15 (JTDI)
Mcu.Pin83=PC10
Mcu.Pin84=PC11
Mcu.Pin85=PC12
Mcu.Pin86=PD0
Mcu.Pin87=PD1
Mcu.Pin88=PD2
Mcu.Pin89=PD3
Mcu.Pin9=PF1
Mcu.Pin90=PD4
Mcu.Pin91=PD5
Mcu.Pin92=PD6
Mcu.Pin93=PD7
Mcu.Pin94=PG9
Mcu.Pin95=PG10
Mcu.Pin96=PG11
Mcu.Pin97=PG12
Mcu.Pin98=PG13
Mcu.Pin99=PG14
Mcu.PinsNb=115
Mcu.ThirdPartyNb=0
Mcu.UserConstants=
Mcu.UserName=STM32L476ZETx
MxCube.Version=4.23.0
MxDb.Version=DB.4.0.230
NVIC.BusFault_IRQn=true\:0\:0\:false\:false\:true\:false\:false
NVIC.DMA1_Channel5_IRQn=true\:5\:0\:false\:false\:true\:true\:false
NVIC.DebugMonitor_IRQn=true\:0\:0\:false\:false\:true\:false\:false
NVIC.EXTI15_10_IRQn=true\:5\:0\:false\:false\:true\:true\:true
NVIC.EXTI9_5_IRQn=true\:5\:0\:false\:false\:true\:true\:true
NVIC.HardFault_IRQn=true\:0\:0\:false\:false\:true\:false\:false
NVIC.MemoryManagement_IRQn=true\:0\:0\:false\:false\:true\:false\:false
NVIC.NonMaskableInt_IRQn=true\:0\:0\:false\:false\:true\:false\:false
NVIC.PendSV_IRQn=true\:15\:0\:false\:false\:false\:true\:false
NVIC.PriorityGroup=NVIC_PRIORITYGROUP_4
NVIC.RTC_Alarm_IRQn=true\:5\:0\:false\:false\:true\:true\:true
NVIC.SVCall_IRQn=true\:0\:0\:false\:false\:false\:false\:false
NVIC.SysTick_IRQn=true\:15\:0\:false\:false\:true\:true\:false
NVIC.USART1_IRQn=true\:5\:0\:false\:false\:true\:true\:true
NVIC.UsageFault_IRQn=true\:0\:0\:false\:false\:true\:false\:false
PA0.GPIOParameters=GPIO_Label
PA0.GPIO_Label=STNLCD_LEDA
PA0.Signal=S_TIM2_CH1
PA1.Mode=SEG0
PA1.Signal=LCD_SEG0
PA10.Mode=1/4 Duty Cycle
PA10.Signal=LCD_COM2
PA13\ (JTMS-SWDIO).GPIOParameters=PinState,GPIO_Label,GPIO_ModeDefaultOutputPP
PA13\ (JTMS-SWDIO).GPIO_Label=LED_WHEEL_7
PA13\ (JTMS-SWDIO).GPIO_ModeDefaultOutputPP=GPIO_MODE_OUTPUT_OD
PA13\ (JTMS-SWDIO).Locked=true
PA13\ (JTMS-SWDIO).PinState=GPIO_PIN_SET
PA13\ (JTMS-SWDIO).Signal=GPIO_Output
PA14\ (JTCK-SWCLK).GPIOParameters=PinState,GPIO_Label,GPIO_ModeDefaultOutputPP
PA14\ (JTCK-SWCLK).GPIO_Label=LED_WHEEL_6
PA14\ (JTCK-SWCLK).GPIO_ModeDefaultOutputPP=GPIO_MODE_OUTPUT_OD
PA14\ (JTCK-SWCLK).Locked=true
PA14\ (JTCK-SWCLK).PinState=GPIO_PIN_SET
PA14\ (JTCK-SWCLK).Signal=GPIO_Output
PA15\ (JTDI).GPIOParameters=PinState,GPIO_Label,GPIO_ModeDefaultOutputPP
PA15\ (JTDI).GPIO_Label=LED_WHEEL_5
PA15\ (JTDI).GPIO_ModeDefaultOutputPP=GPIO_MODE_OUTPUT_OD
PA15\ (JTDI).Locked=true
PA15\ (JTDI).PinState=GPIO_PIN_SET
PA15\ (JTDI).Signal=GPIO_Output
PA2.Mode=SEG1
PA2.Signal=LCD_SEG1
PA3.Mode=SEG2
PA3.Signal=LCD_SEG2
PA4.GPIOParameters=PinState,GPIO_Label,GPIO_ModeDefaultOutputPP
PA4.GPIO_Label=MS_LED1
PA4.GPIO_ModeDefaultOutputPP=GPIO_MODE_OUTPUT_OD
PA4.Locked=true
PA4.PinState=GPIO_PIN_SET
PA4.Signal=GPIO_Output
PA5.GPIOParameters=PinState,GPIO_Label,GPIO_ModeDefaultOutputPP
PA5.GPIO_Label=MS_LED2
PA5.GPIO_ModeDefaultOutputPP=GPIO_MODE_OUTPUT_OD
PA5.Locked=true
PA5.PinState=GPIO_PIN_SET
PA5.Signal=GPIO_Output
PA6.Mode=SEG3
PA6.Signal=LCD_SEG3
PA7.Mode=SEG4
PA7.Signal=LCD_SEG4
PA8.Mode=1/4 Duty Cycle
PA8.Signal=LCD_COM0
PA9.Mode=1/4 Duty Cycle
PA9.Signal=LCD_COM1
PB0.Mode=SEG5
PB0.Signal=LCD_SEG5
PB1.Mode=SEG6
PB1.Signal=LCD_SEG6
PB11.GPIOParameters=PinState,GPIO_Label,GPIO_ModeDefaultOutputPP
PB11.GPIO_Label=LED_WHEEL_2
PB11.GPIO_ModeDefaultOutputPP=GPIO_MODE_OUTPUT_OD
PB11.Locked=true
PB11.PinState=GPIO_PIN_SET
PB11.Signal=GPIO_Output
PB12.Mode=G1_IO1-Sampling
PB12.Signal=TSC_G1_IO1
PB13.Mode=G1_IO2-Channel
PB13.Signal=TSC_G1_IO2
PB14.Mode=G1_IO3-Channel
PB14.Signal=TSC_G1_IO3
PB15.Mode=G1_IO4-Channel
PB15.Signal=TSC_G1_IO4
PB2.GPIOParameters=PinState,GPIO_Label,GPIO_ModeDefaultOutputPP
PB2.GPIO_Label=LED_WHEEL_4
PB2.GPIO_ModeDefaultOutputPP=GPIO_MODE_OUTPUT_OD
PB2.Locked=true
PB2.PinState=GPIO_PIN_SET
PB2.Signal=GPIO_Output
PB3\ (JTDO-TRACESWO).Mode=SEG7
PB3\ (JTDO-TRACESWO).Signal=LCD_SEG7
PB4\ (NJTRST).Mode=G2_IO1-Sampling
PB4\ (NJTRST).Signal=TSC_G2_IO1
PB5.Mode=G2_IO2-Channel
PB5.Signal=TSC_G2_IO2
PB6.GPIOParameters=PinState,GPIO_Label,GPIO_ModeDefaultOutputPP
PB6.GPIO_Label=MECH_BTN1_LN
PB6.GPIO_ModeDefaultOutputPP=GPIO_MODE_OUTPUT_OD
PB6.Locked=true
PB6.PinState=GPIO_PIN_SET
PB6.Signal=GPIO_Output
PB7.GPIOParameters=GPIO_ModeDefaultPP,GPIO_Speed,GPIO_Label,GPIO_FM7
PB7.GPIO_FM7=__NULL
PB7.GPIO_Label=MCU_BEEP
PB7.GPIO_ModeDefaultPP=GPIO_MODE_AF_PP
PB7.GPIO_Speed=GPIO_SPEED_FREQ_MEDIUM
PB7.Locked=true
PB7.Signal=S_TIM4_CH2
PB8.GPIOParameters=PinState,GPIO_Label,GPIO_ModeDefaultOutputPP
PB8.GPIO_Label=LED_WHEEL_3
PB8.GPIO_ModeDefaultOutputPP=GPIO_MODE_OUTPUT_OD
PB8.Locked=true
PB8.PinState=GPIO_PIN_SET
PB8.Signal=GPIO_Output
PB9.Mode=1/4 Duty Cycle
PB9.Signal=LCD_COM3
PC0.GPIOParameters=GPIO_Label
PC0.GPIO_Label=MECH_DIAL_IN6
PC0.Locked=true
PC0.Signal=GPIO_Input
PC1.GPIOParameters=GPIO_Label
PC1.GPIO_Label=MECH_DIAL_IN7
PC1.Locked=true
PC1.Signal=GPIO_Input
PC10.GPIOParameters=GPIO_Label
PC10.GPIO_Label=MCU_LED_SEGE
PC10.Locked=true
PC10.Signal=GPIO_Output
PC11.GPIOParameters=GPIO_Label
PC11.GPIO_Label=MCU_LED_SEGF
PC11.Locked=true
PC11.Signal=GPIO_Output
PC12.GPIOParameters=GPIO_Label
PC12.GPIO_Label=MCU_LED_SEGG
PC12.Locked=true
PC12.Signal=GPIO_Output
PC13.GPIOParameters=PinState,GPIO_Label,GPIO_ModeDefaultOutputPP
PC13.GPIO_Label=LED_WHEEL_1
PC13.GPIO_ModeDefaultOutputPP=GPIO_MODE_OUTPUT_OD
PC13.Locked=true
PC13.PinState=GPIO_PIN_SET
PC13.Signal=GPIO_Output
PC14-OSC32_IN\ (PC14).Mode=LSE-External-Oscillator
PC14-OSC32_IN\ (PC14).Signal=RCC_OSC32_IN
PC15-OSC32_OUT\ (PC15).Mode=LSE-External-Oscillator
PC15-OSC32_OUT\ (PC15).Signal=RCC_OSC32_OUT
PC2.GPIOParameters=PinState,GPIO_Label,GPIO_ModeDefaultOutputPP
PC2.GPIO_Label=LED_DOWN
PC2.GPIO_ModeDefaultOutputPP=GPIO_MODE_OUTPUT_OD
PC2.Locked=true
PC2.PinState=GPIO_PIN_SET
PC2.Signal=GPIO_Output
PC3.Mode=1/4 Duty Cycle
PC3.Signal=LCD_VLCD
PC4.GPIOParameters=PinState,GPIO_Label,GPIO_ModeDefaultOutputPP
PC4.GPIO_Label=MECH_DIAL_LED6
PC4.GPIO_ModeDefaultOutputPP=GPIO_MODE_OUTPUT_OD
PC4.Locked=true
PC4.PinState=GPIO_PIN_SET
PC4.Signal=GPIO_Output
PC5.GPIOParameters=PinState,GPIO_Label,GPIO_ModeDefaultOutputPP
PC5.GPIO_Label=MECH_DIAL_LED7
PC5.GPIO_ModeDefaultOutputPP=GPIO_MODE_OUTPUT_OD
PC5.Locked=true
PC5.PinState=GPIO_PIN_SET
PC5.Signal=GPIO_Output
PC6.Mode=G4_IO1-Sampling
PC6.Signal=TSC_G4_IO1
PC7.Mode=G4_IO2-Channel
PC7.Signal=TSC_G4_IO2
PC8.Mode=G4_IO3-Channel
PC8.Signal=TSC_G4_IO3
PCC.Checker=true
PCC.Line=STM32L4x6
PCC.MCU=STM32L476Z(E-G)Tx
PCC.PartNumber=STM32L476ZETx
PCC.Seq0=0
PCC.Series=STM32L4
PCC.Temperature=25
PCC.Vdd=3.0
PD0.GPIOParameters=PinState,GPIO_Label,GPIO_ModeDefaultOutputPP
PD0.GPIO_Label=LED_SLIDE_4
PD0.GPIO_ModeDefaultOutputPP=GPIO_MODE_OUTPUT_OD
PD0.Locked=true
PD0.PinState=GPIO_PIN_SET
PD0.Signal=GPIO_Output
PD1.GPIOParameters=PinState,GPIO_Label,GPIO_ModeDefaultOutputPP
PD1.GPIO_Label=LED_SLIDE_3
PD1.GPIO_ModeDefaultOutputPP=GPIO_MODE_OUTPUT_OD
PD1.Locked=true
PD1.PinState=GPIO_PIN_SET
PD1.Signal=GPIO_Output
PD10.Mode=G6_IO1-Sampling
PD10.Signal=TSC_G6_IO1
PD11.Mode=G6_IO2-Channel
PD11.Signal=TSC_G6_IO2
PD12.Mode=G6_IO3-Channel
PD12.Signal=TSC_G6_IO3
PD13.GPIOParameters=PinState,GPIO_Label,GPIO_ModeDefaultOutputPP
PD13.GPIO_Label=LED_SLIDE_1
PD13.GPIO_ModeDefaultOutputPP=GPIO_MODE_OUTPUT_OD
PD13.Locked=true
PD13.PinState=GPIO_PIN_SET
PD13.Signal=GPIO_Output
PD14.GPIOParameters=GPIO_Label
PD14.GPIO_Label=STNLCD_RST
PD14.Locked=true
PD14.Signal=GPIO_Output
PD15.GPIOParameters=PinState,GPIO_Label
PD15.GPIO_Label=MCU_LED_SEGA
PD15.Locked=true
PD15.PinState=GPIO_PIN_RESET
PD15.Signal=GPIO_Output
PD2.GPIOParameters=GPIO_Label
PD2.GPIO_Label=MCU_LED_SEGDX
PD2.Locked=true
PD2.Signal=GPIO_Output
PD3.GPIOParameters=GPIO_Label
PD3.GPIO_Label=STNLCD_CS
PD3.Locked=true
PD3.Signal=GPIO_Output
PD4.GPIOParameters=PinState,GPIO_Label,GPIO_ModeDefaultOutputPP
PD4.GPIO_Label=MCU_RotaryEncoder_LED_P
PD4.GPIO_ModeDefaultOutputPP=GPIO_MODE_OUTPUT_OD
PD4.Locked=true
PD4.PinState=GPIO_PIN_SET
PD4.Signal=GPIO_Output
PD5.Mode=Asynchronous
PD5.Signal=USART2_TX
PD6.Mode=Asynchronous
PD6.Signal=USART2_RX
PD7.GPIOParameters=PinState,GPIO_Label,GPIO_ModeDefaultOutputPP
PD7.GPIO_Label=LED_OK
PD7.GPIO_ModeDefaultOutputPP=GPIO_MODE_OUTPUT_OD
PD7.Locked=true
PD7.PinState=GPIO_PIN_SET
PD7.Signal=GPIO_Output
PD8.GPIOParameters=PinState,GPIO_Label,GPIO_ModeDefaultOutputPP
PD8.GPIO_Label=MECH_DIAL_LED8
PD8.GPIO_ModeDefaultOutputPP=GPIO_MODE_OUTPUT_OD
PD8.Locked=true
PD8.PinState=GPIO_PIN_SET
PD8.Signal=GPIO_Output
PD9.GPIOParameters=GPIO_Label
PD9.GPIO_Label=STNLCD_RS
PD9.Locked=true
PD9.Signal=GPIO_Output
PE0.GPIOParameters=GPIO_Label
PE0.GPIO_Label=MCU_LED_SEGB
PE0.Locked=true
PE0.Signal=GPIO_Output
PE1.GPIOParameters=GPIO_Label
PE1.GPIO_Label=MCU_LED_SEGC
PE1.Locked=true
PE1.Signal=GPIO_Output
PE10.Mode=G5_IO1-Sampling
PE10.Signal=TSC_G5_IO1
PE11.Mode=G5_IO2-Channel
PE11.Signal=TSC_G5_IO2
PE12.Mode=G5_IO3-Channel
PE12.Signal=TSC_G5_IO3
PE13.Mode=G5_IO4-Channel
PE13.Signal=TSC_G5_IO4
PE14.Mode=Full_Duplex_Master
PE14.Signal=SPI1_MISO
PE15.Mode=Full_Duplex_Master
PE15.Signal=SPI1_MOSI
PE2.GPIOParameters=GPIO_Label
PE2.GPIO_Label=MECH_DIAL_IN1
PE2.Locked=true
PE2.Signal=GPIO_Input
PE3.GPIOParameters=GPIO_Label
PE3.GPIO_Label=MCU_LED_SEGD
PE3.Locked=true
PE3.Signal=GPIO_Output
PE4.GPIOParameters=GPIO_Label
PE4.GPIO_Label=MECH_DIAL_IN2
PE4.Locked=true
PE4.Signal=GPIO_Input
PE5.GPIOParameters=GPIO_Label
PE5.GPIO_Label=MECH_DIAL_IN3
PE5.Locked=true
PE5.Signal=GPIO_Input
PE6.GPIOParameters=GPIO_Label
PE6.GPIO_Label=MECH_DIAL_IN4
PE6.Locked=true
PE6.Signal=GPIO_Input
PE7.GPIOParameters=GPIO_Label
PE7.GPIO_Label=MECH_DIAL_IN5
PE7.Locked=true
PE7.Signal=GPIO_Input
PE8.GPIOParameters=GPIO_Label,GPIO_ModeDefaultEXTI
PE8.GPIO_Label=MCU_RotaryEncoder_PB
PE8.GPIO_ModeDefaultEXTI=GPIO_MODE_IT_RISING_FALLING
PE8.Locked=true
PE8.Signal=GPXTI8
PE9.GPIOParameters=GPIO_PuPd,GPIO_Label
PE9.GPIO_Label=MCU_LCD_BKLT
PE9.GPIO_PuPd=GPIO_NOPULL
PE9.Locked=true
PE9.Signal=GPIO_Output
PF0.Mode=I2C
PF0.Signal=I2C2_SDA
PF1.Mode=I2C
PF1.Signal=I2C2_SCL
PF10.GPIOParameters=GPIO_Label,GPIO_ModeDefaultEXTI
PF10.GPIO_Label=MS_BTN2
PF10.GPIO_ModeDefaultEXTI=GPIO_MODE_IT_RISING_FALLING
PF10.Locked=true
PF10.Signal=GPXTI10
PF11.GPIOParameters=GPIO_Label,GPIO_ModeDefaultEXTI
PF11.GPIO_Label=MCU_RotaryEncoder_A
PF11.GPIO_ModeDefaultEXTI=GPIO_MODE_IT_RISING_FALLING
PF11.Locked=true
PF11.Signal=GPXTI11
PF12.GPIOParameters=GPIO_Label,GPIO_ModeDefaultEXTI
PF12.GPIO_Label=MCU_RotaryEncoder_B
PF12.GPIO_ModeDefaultEXTI=GPIO_MODE_IT_RISING_FALLING
PF12.Locked=true
PF12.Signal=GPXTI12
PF13.GPIOParameters=GPIO_Label,GPIO_ModeDefaultEXTI
PF13.GPIO_Label=MS_BTN1
PF13.GPIO_ModeDefaultEXTI=GPIO_MODE_IT_RISING_FALLING
PF13.Locked=true
PF13.Signal=GPXTI13
PF14.GPIOParameters=GPIO_Label,GPIO_ModeDefaultEXTI
PF14.GPIO_Label=MECH_BTN1
PF14.GPIO_ModeDefaultEXTI=GPIO_MODE_IT_RISING_FALLING
PF14.Locked=true
PF14.Signal=GPXTI14
PF15.GPIOParameters=GPIO_Label,GPIO_ModeDefaultEXTI
PF15.GPIO_Label=MECH_BTN2
PF15.GPIO_ModeDefaultEXTI=GPIO_MODE_IT_RISING_FALLING
PF15.Locked=true
PF15.Signal=GPXTI15
PF2.GPIOParameters=GPIO_Speed,PinState,GPIO_Label
PF2.GPIO_Label=MCU_LED_COM0
PF2.GPIO_Speed=GPIO_SPEED_FREQ_HIGH
PF2.Locked=true
PF2.PinState=GPIO_PIN_SET
PF2.Signal=GPIO_Output
PF3.GPIOParameters=GPIO_Label
PF3.GPIO_Label=MECH_DIAL_IN8
PF3.Locked=true
PF3.Signal=GPIO_Input
PF4.GPIOParameters=GPIO_Speed,PinState,GPIO_Label
PF4.GPIO_Label=MCU_LED_COM1
PF4.GPIO_Speed=GPIO_SPEED_FREQ_HIGH
PF4.Locked=true
PF4.PinState=GPIO_PIN_SET
PF4.Signal=GPIO_Output
PF5.GPIOParameters=GPIO_Speed,PinState,GPIO_Label
PF5.GPIO_Label=MCU_LED_COM2
PF5.GPIO_Speed=GPIO_SPEED_FREQ_HIGH
PF5.Locked=true
PF5.PinState=GPIO_PIN_SET
PF5.Signal=GPIO_Output
PF6.GPIOParameters=GPIO_Speed,PinState,GPIO_Label
PF6.GPIO_Label=MCU_LED_COM3
PF6.GPIO_Speed=GPIO_SPEED_FREQ_HIGH
PF6.Locked=true
PF6.PinState=GPIO_PIN_SET
PF6.Signal=GPIO_Output
PF7.GPIOParameters=PinState,GPIO_Label,GPIO_ModeDefaultOutputPP
PF7.GPIO_Label=LED_UP
PF7.GPIO_ModeDefaultOutputPP=GPIO_MODE_OUTPUT_OD
PF7.Locked=true
PF7.PinState=GPIO_PIN_SET
PF7.Signal=GPIO_Output
PF8.GPIOParameters=PinState,GPIO_Label,GPIO_ModeDefaultOutputPP
PF8.GPIO_Label=LED_LEFT
PF8.GPIO_ModeDefaultOutputPP=GPIO_MODE_OUTPUT_OD
PF8.Locked=true
PF8.PinState=GPIO_PIN_SET
PF8.Signal=GPIO_Output
PF9.GPIOParameters=PinState,GPIO_Label,GPIO_ModeDefaultOutputPP
PF9.GPIO_Label=LED_RIGHT
PF9.GPIO_ModeDefaultOutputPP=GPIO_MODE_OUTPUT_OD
PF9.Locked=true
PF9.PinState=GPIO_PIN_SET
PF9.Signal=GPIO_Output
PG0.GPIOParameters=PinState,GPIO_Label,GPIO_ModeDefaultOutputPP
PG0.GPIO_Label=MECH_BTN2_LN
PG0.GPIO_ModeDefaultOutputPP=GPIO_MODE_OUTPUT_OD
PG0.Locked=true
PG0.PinState=GPIO_PIN_SET
PG0.Signal=GPIO_Output
PG1.GPIOParameters=PinState,GPIO_Label,GPIO_ModeDefaultOutputPP
PG1.GPIO_Label=LED_SLIDE_2
PG1.GPIO_ModeDefaultOutputPP=GPIO_MODE_OUTPUT_OD
PG1.Locked=true
PG1.PinState=GPIO_PIN_SET
PG1.Signal=GPIO_Output
PG10.Mode=Asynchronous
PG10.Signal=USART1_RX
PG11.Locked=true
PG11.Mode=CTS_RTS
PG11.Signal=USART1_CTS
PG12.Locked=true
PG12.Mode=CTS_RTS
PG12.Signal=USART1_RTS
PG13.Mode=I2C
PG13.Signal=I2C1_SDA
PG14.Mode=I2C
PG14.Signal=I2C1_SCL
PG15.GPIOParameters=PinState,GPIO_Label,GPIO_ModeDefaultOutputPP
PG15.GPIO_Label=MECH_DIAL_LED4
PG15.GPIO_ModeDefaultOutputPP=GPIO_MODE_OUTPUT_OD
PG15.Locked=true
PG15.PinState=GPIO_PIN_SET
PG15.Signal=GPIO_Output
PG2.Mode=Full_Duplex_Master
PG2.Signal=SPI1_SCK
PG3.GPIOParameters=PinState,GPIO_Label,GPIO_ModeDefaultOutputPP
PG3.GPIO_Label=MCU_RotaryEncoder_LED_N
PG3.GPIO_ModeDefaultOutputPP=GPIO_MODE_OUTPUT_OD
PG3.Locked=true
PG3.PinState=GPIO_PIN_SET
PG3.Signal=GPIO_Output
PG4.GPIOParameters=PinState,GPIO_Label,GPIO_ModeDefaultOutputPP
PG4.GPIO_Label=MECH_DIAL_LED2
PG4.GPIO_ModeDefaultOutputPP=GPIO_MODE_OUTPUT_OD
PG4.Locked=true
PG4.PinState=GPIO_PIN_SET
PG4.Signal=GPIO_Output
PG5.Mode=NSS_Signal_Hard_Output
PG5.Signal=SPI1_NSS
PG6.GPIOParameters=PinState,GPIO_Label,GPIO_ModeDefaultOutputPP
PG6.GPIO_Label=MECH_DIAL_LED3
PG6.GPIO_ModeDefaultOutputPP=GPIO_MODE_OUTPUT_OD
PG6.Locked=true
PG6.PinState=GPIO_PIN_SET
PG6.Signal=GPIO_Output
PG7.GPIOParameters=PinState,GPIO_Label,GPIO_ModeDefaultOutputPP
PG7.GPIO_Label=MECH_DIAL_LED5
PG7.GPIO_ModeDefaultOutputPP=GPIO_MODE_OUTPUT_OD
PG7.Locked=true
PG7.PinState=GPIO_PIN_SET
PG7.Signal=GPIO_Output
PG8.GPIOParameters=PinState,GPIO_Label,GPIO_ModeDefaultOutputPP
PG8.GPIO_Label=MECH_DIAL_LED1
PG8.GPIO_ModeDefaultOutputPP=GPIO_MODE_OUTPUT_OD
PG8.Locked=true
PG8.PinState=GPIO_PIN_SET
PG8.Signal=GPIO_Output
PG9.Mode=Asynchronous
PG9.Signal=USART1_TX
PH0-OSC_IN\ (PH0).Mode=HSE-External-Oscillator
PH0-OSC_IN\ (PH0).Signal=RCC_OSC_IN
PH1-OSC_OUT\ (PH1).Mode=HSE-External-Oscillator
PH1-OSC_OUT\ (PH1).Signal=RCC_OSC_OUT
PinOutPanel.RotationAngle=0
ProjectManager.AskForMigrate=false
ProjectManager.BackupPrevious=false
ProjectManager.CompilerOptimize=2
ProjectManager.ComputerToolchain=false
ProjectManager.CoupleFile=true
ProjectManager.CustomerFirmwarePackage=
ProjectManager.DefaultFWLocation=true
ProjectManager.DeletePrevious=true
ProjectManager.DeviceId=STM32L476ZETx
ProjectManager.FirmwarePackage=STM32Cube FW_L4 V1.10.0
ProjectManager.FreePins=false
ProjectManager.HalAssertFull=false
ProjectManager.HeapSize=0x200
ProjectManager.KeepUserCode=true
ProjectManager.LastFirmware=true
ProjectManager.LibraryCopy=0
ProjectManager.MainLocation=Src
ProjectManager.PreviousToolchain=
ProjectManager.ProjectBuild=false
ProjectManager.ProjectFileName=board_hmi_butterfly.ioc
ProjectManager.ProjectName=board_hmi_butterfly
ProjectManager.StackSize=0x400
ProjectManager.TargetToolchain=MDK-ARM V5
ProjectManager.ToolChainLocation=
ProjectManager.UnderRoot=false
ProjectManager.functionlistsort=1-MX_GPIO_Init-GPIO-false-HAL-true,2-MX_DMA_Init-DMA-false-HAL-true,3-SystemClock_Config-RCC-false-HAL-true,4-MX_LCD_Init-LCD-false-HAL-true,5-MX_USART1_UART_Init-USART1-false-HAL-true,6-MX_USART2_UART_Init-USART2-false-HAL-true,7-MX_RTC_Init-RTC-false-HAL-true,8-MX_I2C2_Init-I2C2-false-HAL-true,9-MX_SPI1_Init-SPI1-false-HAL-true,10-MX_TIM2_Init-TIM2-false-HAL-true,11-MX_TSC_Init-TSC-false-HAL-true,12-MX_I2C1_Init-I2C1-false-HAL-true,13-MX_TIM4_Init-TIM4-false-HAL-true
RCC.ADCFreq_Value=32000000
RCC.AHBFreq_Value=80000000
RCC.APB1Freq_Value=80000000
RCC.APB1TimFreq_Value=80000000
RCC.APB2Freq_Value=80000000
RCC.APB2TimFreq_Value=80000000
RCC.CortexFreq_Value=80000000
RCC.DFSDMFreq_Value=80000000
RCC.FCLKCortexFreq_Value=80000000
RCC.FamilyName=M
RCC.HCLKFreq_Value=80000000
RCC.HSE_VALUE=8000000
RCC.HSI_VALUE=16000000
RCC.I2C1Freq_Value=80000000
RCC.I2C2Freq_Value=80000000
RCC.I2C3Freq_Value=80000000
RCC.IPParameters=ADCFreq_Value,AHBFreq_Value,APB1Freq_Value,APB1TimFreq_Value,APB2Freq_Value,APB2TimFreq_Value,CortexFreq_Value,DFSDMFreq_Value,FCLKCortexFreq_Value,FamilyName,HCLKFreq_Value,HSE_VALUE,HSI_VALUE,I2C1Freq_Value,I2C2Freq_Value,I2C3Freq_Value,LCDFreq_Value,LPTIM1Freq_Value,LPTIM2Freq_Value,LPUART1Freq_Value,LSCOPinFreq_Value,LSI_VALUE,MCO1PinFreq_Value,MSI_VALUE,PLLN,PLLPoutputFreq_Value,PLLQoutputFreq_Value,PLLRCLKFreq_Value,PLLSAI1PoutputFreq_Value,PLLSAI1QoutputFreq_Value,PLLSAI1RoutputFreq_Value,PLLSAI2PoutputFreq_Value,PLLSAI2RoutputFreq_Value,PLLSourceVirtual,PWRFreq_Value,RNGFreq_Value,RTCClockSelection,RTCFreq_Value,SAI1Freq_Value,SAI2Freq_Value,SDMMCFreq_Value,SWPMI1Freq_Value,SYSCLKFreq_VALUE,SYSCLKSource,UART4Freq_Value,UART5Freq_Value,USART1Freq_Value,USART2Freq_Value,USART3Freq_Value,USBFreq_Value,VCOInputFreq_Value,VCOOutputFreq_Value,VCOSAI1OutputFreq_Value,VCOSAI2OutputFreq_Value
RCC.LCDFreq_Value=32768
RCC.LPTIM1Freq_Value=80000000
RCC.LPTIM2Freq_Value=80000000
RCC.LPUART1Freq_Value=80000000
RCC.LSCOPinFreq_Value=32000
RCC.LSI_VALUE=32000
RCC.MCO1PinFreq_Value=80000000
RCC.MSI_VALUE=4000000
RCC.PLLN=20
RCC.PLLPoutputFreq_Value=22857142.85714286
RCC.PLLQoutputFreq_Value=80000000
RCC.PLLRCLKFreq_Value=80000000
RCC.PLLSAI1PoutputFreq_Value=9142857.142857144
RCC.PLLSAI1QoutputFreq_Value=32000000
RCC.PLLSAI1RoutputFreq_Value=32000000
RCC.PLLSAI2PoutputFreq_Value=9142857.142857144
RCC.PLLSAI2RoutputFreq_Value=32000000
RCC.PLLSourceVirtual=RCC_PLLSOURCE_HSE
RCC.PWRFreq_Value=80000000
RCC.RNGFreq_Value=32000000
RCC.RTCClockSelection=RCC_RTCCLKSOURCE_LSE
RCC.RTCFreq_Value=32768
RCC.SAI1Freq_Value=9142857.142857144
RCC.SAI2Freq_Value=9142857.142857144
RCC.SDMMCFreq_Value=32000000
RCC.SWPMI1Freq_Value=80000000
RCC.SYSCLKFreq_VALUE=80000000
RCC.SYSCLKSource=RCC_SYSCLKSOURCE_PLLCLK
RCC.UART4Freq_Value=80000000
RCC.UART5Freq_Value=80000000
RCC.USART1Freq_Value=80000000
RCC.USART2Freq_Value=80000000
RCC.USART3Freq_Value=80000000
RCC.USBFreq_Value=32000000
RCC.VCOInputFreq_Value=8000000
RCC.VCOOutputFreq_Value=160000000
RCC.VCOSAI1OutputFreq_Value=64000000
RCC.VCOSAI2OutputFreq_Value=64000000
RTC.Alarm-Alarm\ A=RTC_ALARM_A
RTC.AlarmMaskDateWeekDay-Alarm\ A=RTC_ALARMMASK_DATEWEEKDAY
RTC.AlarmMaskHours-Alarm\ A=RTC_ALARMMASK_HOURS
RTC.Date=9
RTC.IPParameters=Alarm-Alarm A,Month,Date,Year,AlarmMaskDateWeekDay-Alarm A,AlarmMaskHours-Alarm A,WeekDay
RTC.Month=RTC_MONTH_JULY
RTC.WeekDay=RTC_WEEKDAY_MONDAY
RTC.Year=18
SH.GPXTI10.0=GPIO_EXTI10
SH.GPXTI10.ConfNb=1
SH.GPXTI11.0=GPIO_EXTI11
SH.GPXTI11.ConfNb=1
SH.GPXTI12.0=GPIO_EXTI12
SH.GPXTI12.ConfNb=1
SH.GPXTI13.0=GPIO_EXTI13
SH.GPXTI13.ConfNb=1
SH.GPXTI14.0=GPIO_EXTI14
SH.GPXTI14.ConfNb=1
SH.GPXTI15.0=GPIO_EXTI15
SH.GPXTI15.ConfNb=1
SH.GPXTI8.0=GPIO_EXTI8
SH.GPXTI8.ConfNb=1
SH.S_TIM2_CH1.0=TIM2_CH1,PWM Generation1 CH1
SH.S_TIM2_CH1.ConfNb=1
SH.S_TIM4_CH2.0=TIM4_CH2,PWM Generation2 CH2
SH.S_TIM4_CH2.ConfNb=1
SPI1.BaudRatePrescaler=SPI_BAUDRATEPRESCALER_4
SPI1.CalculateBaudRate=20.0 MBits/s
SPI1.DataSize=SPI_DATASIZE_8BIT
SPI1.Direction=SPI_DIRECTION_2LINES
SPI1.IPParameters=VirtualType,Mode,Direction,CalculateBaudRate,DataSize,VirtualNSS,BaudRatePrescaler
SPI1.Mode=SPI_MODE_MASTER
SPI1.VirtualNSS=VM_NSSHARD
SPI1.VirtualType=VM_MASTER
TIM2.Channel-PWM\ Generation1\ CH1=TIM_CHANNEL_1
TIM2.IPParameters=Channel-PWM Generation1 CH1,Prescaler,Period
TIM2.Period=100-1
TIM2.Prescaler=2000-1
TIM4.Channel-PWM\ Generation2\ CH2=TIM_CHANNEL_2
TIM4.IPParameters=Channel-PWM Generation2 CH2,Prescaler,Period,Pulse-PWM Generation2 CH2
TIM4.Period=100-1
TIM4.Prescaler=200-1
TIM4.Pulse-PWM\ Generation2\ CH2=50
TSC.CTPulseHighLength=TSC_CTPH_8CYCLES
TSC.CTPulseLowLength=TSC_CTPL_8CYCLES
TSC.ChannelIOs-G1_IO2=TSC_GROUP1_IO2
TSC.ChannelIOs-G1_IO3=TSC_GROUP1_IO3
TSC.ChannelIOs-G1_IO4=TSC_GROUP1_IO4
TSC.ChannelIOs-G2_IO2=TSC_GROUP2_IO2
TSC.ChannelIOs-G4_IO2=TSC_GROUP4_IO2
TSC.ChannelIOs-G4_IO3=TSC_GROUP4_IO3
TSC.ChannelIOs-G5_IO2=TSC_GROUP5_IO2
TSC.ChannelIOs-G5_IO3=TSC_GROUP5_IO3
TSC.ChannelIOs-G5_IO4=TSC_GROUP5_IO4
TSC.ChannelIOs-G6_IO2=TSC_GROUP6_IO2
TSC.ChannelIOs-G6_IO3=TSC_GROUP6_IO3
TSC.IPParameters=SpreadSpectrum,SpreadSpectrumDeviation,PulseGeneratorPrescaler,MaxCountValue,CTPulseHighLength,CTPulseLowLength,SamplingIOs-G1_IO1,ChannelIOs-G1_IO2,ChannelIOs-G1_IO3,ChannelIOs-G1_IO4,SamplingIOs-G2_IO1,ChannelIOs-G2_IO2,SamplingIOs-G4_IO1,ChannelIOs-G4_IO2,ChannelIOs-G4_IO3,SamplingIOs-G5_IO1,ChannelIOs-G5_IO2,ChannelIOs-G5_IO3,ChannelIOs-G5_IO4,SamplingIOs-G6_IO1,ChannelIOs-G6_IO2,ChannelIOs-G6_IO3
TSC.MaxCountValue=TSC_MCV_8191
TSC.PulseGeneratorPrescaler=TSC_PG_PRESC_DIV4
TSC.SamplingIOs-G1_IO1=TSC_GROUP1_IO1
TSC.SamplingIOs-G2_IO1=TSC_GROUP2_IO1
TSC.SamplingIOs-G4_IO1=TSC_GROUP4_IO1
TSC.SamplingIOs-G5_IO1=TSC_GROUP5_IO1
TSC.SamplingIOs-G6_IO1=TSC_GROUP6_IO1
TSC.SpreadSpectrum=DISABLE
TSC.SpreadSpectrumDeviation=127
USART1.IPParameters=VirtualMode-Asynchronous,WordLength
USART1.VirtualMode-Asynchronous=VM_ASYNC
USART1.WordLength=WORDLENGTH_8B
USART2.IPParameters=VirtualMode-Asynchronous,WordLength
USART2.VirtualMode-Asynchronous=VM_ASYNC
USART2.WordLength=WORDLENGTH_8B
VP_FREERTOS_VS_ENABLE.Mode=Enabled
VP_FREERTOS_VS_ENABLE.Signal=FREERTOS_VS_ENABLE
VP_RTC_VS_RTC_Activate.Mode=RTC_Enabled
VP_RTC_VS_RTC_Activate.Signal=RTC_VS_RTC_Activate
VP_RTC_VS_RTC_Alarm_A_Intern.Mode=Alarm A
VP_RTC_VS_RTC_Alarm_A_Intern.Signal=RTC_VS_RTC_Alarm_A_Intern
VP_RTC_VS_RTC_Calendar.Mode=RTC_Calendar
VP_RTC_VS_RTC_Calendar.Signal=RTC_VS_RTC_Calendar
VP_SYS_VS_Systick.Mode=SysTick
VP_SYS_VS_Systick.Signal=SYS_VS_Systick
board=board_hmi_butterfly
